// !$*UTF8*$!
{
	archiveVersion = 1;
	classes = {
	};
	objectVersion = 50;
	objects = {

/* Begin PBXBuildFile section */
		460A7EB22527D70900D780C2 /* DesignCodeCourseApp.swift in Sources */ = {isa = PBXBuildFile; fileRef = 460A7EB12527D70900D780C2 /* DesignCodeCourseApp.swift */; };
		460A7EB42527D70900D780C2 /* ContentView.swift in Sources */ = {isa = PBXBuildFile; fileRef = 460A7EB32527D70900D780C2 /* ContentView.swift */; };
		460A7EB62527D70E00D780C2 /* Assets.xcassets in Resources */ = {isa = PBXBuildFile; fileRef = 460A7EB52527D70E00D780C2 /* Assets.xcassets */; };
		460A7EB92527D70E00D780C2 /* Preview Assets.xcassets in Resources */ = {isa = PBXBuildFile; fileRef = 460A7EB82527D70E00D780C2 /* Preview Assets.xcassets */; };
		460A7EC22527F2F900D780C2 /* CourseRow.swift in Sources */ = {isa = PBXBuildFile; fileRef = 460A7EC12527F2F900D780C2 /* CourseRow.swift */; };
		460A7EC52527F55000D780C2 /* CoursesView.swift in Sources */ = {isa = PBXBuildFile; fileRef = 460A7EC42527F55000D780C2 /* CoursesView.swift */; };
		460A7EC82527F6B400D780C2 /* Sidebar.swift in Sources */ = {isa = PBXBuildFile; fileRef = 460A7EC72527F6B400D780C2 /* Sidebar.swift */; };
		461713B22528168A00A74BCF /* CourseItem.swift in Sources */ = {isa = PBXBuildFile; fileRef = 461713B12528168A00A74BCF /* CourseItem.swift */; };
		461713B9252818F600A74BCF /* CourseList.swift in Sources */ = {isa = PBXBuildFile; fileRef = 461713B8252818F500A74BCF /* CourseList.swift */; };
		463B54BD252853CF00B183BC /* Course.swift in Sources */ = {isa = PBXBuildFile; fileRef = 463B54BC252853CF00B183BC /* Course.swift */; };
/* End PBXBuildFile section */

/* Begin PBXFileReference section */
		460A7EAE2527D70900D780C2 /* DesignCodeCourse.app */ = {isa = PBXFileReference; explicitFileType = wrapper.application; includeInIndex = 0; path = DesignCodeCourse.app; sourceTree = BUILT_PRODUCTS_DIR; };
		460A7EB12527D70900D780C2 /* DesignCodeCourseApp.swift */ = {isa = PBXFileReference; lastKnownFileType = sourcecode.swift; path = DesignCodeCourseApp.swift; sourceTree = "<group>"; };
		460A7EB32527D70900D780C2 /* ContentView.swift */ = {isa = PBXFileReference; lastKnownFileType = sourcecode.swift; path = ContentView.swift; sourceTree = "<group>"; };
		460A7EB52527D70E00D780C2 /* Assets.xcassets */ = {isa = PBXFileReference; lastKnownFileType = folder.assetcatalog; path = Assets.xcassets; sourceTree = "<group>"; };
		460A7EB82527D70E00D780C2 /* Preview Assets.xcassets */ = {isa = PBXFileReference; lastKnownFileType = folder.assetcatalog; path = "Preview Assets.xcassets"; sourceTree = "<group>"; };
		460A7EBA2527D70E00D780C2 /* Info.plist */ = {isa = PBXFileReference; lastKnownFileType = text.plist.xml; path = Info.plist; sourceTree = "<group>"; };
		460A7EC12527F2F900D780C2 /* CourseRow.swift */ = {isa = PBXFileReference; lastKnownFileType = sourcecode.swift; path = CourseRow.swift; sourceTree = "<group>"; };
		460A7EC42527F55000D780C2 /* CoursesView.swift */ = {isa = PBXFileReference; lastKnownFileType = sourcecode.swift; path = CoursesView.swift; sourceTree = "<group>"; };
		460A7EC72527F6B400D780C2 /* Sidebar.swift */ = {isa = PBXFileReference; lastKnownFileType = sourcecode.swift; path = Sidebar.swift; sourceTree = "<group>"; };
		461713B12528168A00A74BCF /* CourseItem.swift */ = {isa = PBXFileReference; lastKnownFileType = sourcecode.swift; path = CourseItem.swift; sourceTree = "<group>"; };
		461713B8252818F500A74BCF /* CourseList.swift */ = {isa = PBXFileReference; lastKnownFileType = sourcecode.swift; path = CourseList.swift; sourceTree = "<group>"; };
		463B54BC252853CF00B183BC /* Course.swift */ = {isa = PBXFileReference; lastKnownFileType = sourcecode.swift; path = Course.swift; sourceTree = "<group>"; };
/* End PBXFileReference section */

/* Begin PBXFrameworksBuildPhase section */
		460A7EAB2527D70900D780C2 /* Frameworks */ = {
			isa = PBXFrameworksBuildPhase;
			buildActionMask = 2147483647;
			files = (
			);
			runOnlyForDeploymentPostprocessing = 0;
		};
/* End PBXFrameworksBuildPhase section */

/* Begin PBXGroup section */
		460A7EA52527D70900D780C2 = {
			isa = PBXGroup;
			children = (
				460A7EB02527D70900D780C2 /* DesignCodeCourse */,
				460A7EAF2527D70900D780C2 /* Products */,
			);
			sourceTree = "<group>";
		};
		460A7EAF2527D70900D780C2 /* Products */ = {
			isa = PBXGroup;
			children = (
				460A7EAE2527D70900D780C2 /* DesignCodeCourse.app */,
			);
			name = Products;
			sourceTree = "<group>";
		};
		460A7EB02527D70900D780C2 /* DesignCodeCourse */ = {
			isa = PBXGroup;
			children = (
				460A7EB12527D70900D780C2 /* DesignCodeCourseApp.swift */,
				461713B4252817E900A74BCF /* Navigation */,
				461713B72528180200A74BCF /* Items */,
				460A7EC42527F55000D780C2 /* CoursesView.swift */,
				463B54BC252853CF00B183BC /* Course.swift */,
				461713B8252818F500A74BCF /* CourseList.swift */,
				460A7EB52527D70E00D780C2 /* Assets.xcassets */,
				460A7EBA2527D70E00D780C2 /* Info.plist */,
				460A7EB72527D70E00D780C2 /* Preview Content */,
			);
			path = DesignCodeCourse;
			sourceTree = "<group>";
		};
		460A7EB72527D70E00D780C2 /* Preview Content */ = {
			isa = PBXGroup;
			children = (
				460A7EB82527D70E00D780C2 /* Preview Assets.xcassets */,
			);
			path = "Preview Content";
			sourceTree = "<group>";
		};
		461713B4252817E900A74BCF /* Navigation */ = {
			isa = PBXGroup;
			children = (
				460A7EB32527D70900D780C2 /* ContentView.swift */,
				460A7EC72527F6B400D780C2 /* Sidebar.swift */,
			);
			path = Navigation;
			sourceTree = "<group>";
		};
		461713B72528180200A74BCF /* Items */ = {
			isa = PBXGroup;
			children = (
				461713B12528168A00A74BCF /* CourseItem.swift */,
				460A7EC12527F2F900D780C2 /* CourseRow.swift */,
			);
			path = Items;
			sourceTree = "<group>";
		};
/* End PBXGroup section */

/* Begin PBXNativeTarget section */
		460A7EAD2527D70900D780C2 /* DesignCodeCourse */ = {
			isa = PBXNativeTarget;
			buildConfigurationList = 460A7EBD2527D70E00D780C2 /* Build configuration list for PBXNativeTarget "DesignCodeCourse" */;
			buildPhases = (
				460A7EAA2527D70900D780C2 /* Sources */,
				460A7EAB2527D70900D780C2 /* Frameworks */,
				460A7EAC2527D70900D780C2 /* Resources */,
			);
			buildRules = (
			);
			dependencies = (
			);
			name = DesignCodeCourse;
			productName = DesignCodeCourse;
			productReference = 460A7EAE2527D70900D780C2 /* DesignCodeCourse.app */;
			productType = "com.apple.product-type.application";
		};
/* End PBXNativeTarget section */

/* Begin PBXProject section */
		460A7EA62527D70900D780C2 /* Project object */ = {
			isa = PBXProject;
			attributes = {
				LastSwiftUpdateCheck = 1200;
				LastUpgradeCheck = 1200;
				TargetAttributes = {
					460A7EAD2527D70900D780C2 = {
						CreatedOnToolsVersion = 12.0;
					};
				};
			};
			buildConfigurationList = 460A7EA92527D70900D780C2 /* Build configuration list for PBXProject "DesignCodeCourse" */;
			compatibilityVersion = "Xcode 9.3";
			developmentRegion = en;
			hasScannedForEncodings = 0;
			knownRegions = (
				en,
				Base,
			);
			mainGroup = 460A7EA52527D70900D780C2;
			productRefGroup = 460A7EAF2527D70900D780C2 /* Products */;
			projectDirPath = "";
			projectRoot = "";
			targets = (
				460A7EAD2527D70900D780C2 /* DesignCodeCourse */,
			);
		};
/* End PBXProject section */

/* Begin PBXResourcesBuildPhase section */
		460A7EAC2527D70900D780C2 /* Resources */ = {
			isa = PBXResourcesBuildPhase;
			buildActionMask = 2147483647;
			files = (
				460A7EB92527D70E00D780C2 /* Preview Assets.xcassets in Resources */,
				460A7EB62527D70E00D780C2 /* Assets.xcassets in Resources */,
			);
			runOnlyForDeploymentPostprocessing = 0;
		};
/* End PBXResourcesBuildPhase section */

/* Begin PBXSourcesBuildPhase section */
		460A7EAA2527D70900D780C2 /* Sources */ = {
			isa = PBXSourcesBuildPhase;
			buildActionMask = 2147483647;
			files = (
				463B54BD252853CF00B183BC /* Course.swift in Sources */,
				460A7EC82527F6B400D780C2 /* Sidebar.swift in Sources */,
				461713B22528168A00A74BCF /* CourseItem.swift in Sources */,
				460A7EB42527D70900D780C2 /* ContentView.swift in Sources */,
				460A7EC22527F2F900D780C2 /* CourseRow.swift in Sources */,
				460A7EB22527D70900D780C2 /* DesignCodeCourseApp.swift in Sources */,
				460A7EC52527F55000D780C2 /* CoursesView.swift in Sources */,
				461713B9252818F600A74BCF /* CourseList.swift in Sources */,
			);
			runOnlyForDeploymentPostprocessing = 0;
		};
/* End PBXSourcesBuildPhase section */

/* Begin XCBuildConfiguration section */
		460A7EBB2527D70E00D780C2 /* Debug */ = {
			isa = XCBuildConfiguration;
			buildSettings = {
				ALWAYS_SEARCH_USER_PATHS = NO;
				CLANG_ANALYZER_NONNULL = YES;
				CLANG_ANALYZER_NUMBER_OBJECT_CONVERSION = YES_AGGRESSIVE;
				CLANG_CXX_LANGUAGE_STANDARD = "gnu++14";
				CLANG_CXX_LIBRARY = "libc++";
				CLANG_ENABLE_MODULES = YES;
				CLANG_ENABLE_OBJC_ARC = YES;
				CLANG_ENABLE_OBJC_WEAK = YES;
				CLANG_WARN_BLOCK_CAPTURE_AUTORELEASING = YES;
				CLANG_WARN_BOOL_CONVERSION = YES;
				CLANG_WARN_COMMA = YES;
				CLANG_WARN_CONSTANT_CONVERSION = YES;
				CLANG_WARN_DEPRECATED_OBJC_IMPLEMENTATIONS = YES;
				CLANG_WARN_DIRECT_OBJC_ISA_USAGE = YES_ERROR;
				CLANG_WARN_DOCUMENTATION_COMMENTS = YES;
				CLANG_WARN_EMPTY_BODY = YES;
				CLANG_WARN_ENUM_CONVERSION = YES;
				CLANG_WARN_INFINITE_RECURSION = YES;
				CLANG_WARN_INT_CONVERSION = YES;
				CLANG_WARN_NON_LITERAL_NULL_CONVERSION = YES;
				CLANG_WARN_OBJC_IMPLICIT_RETAIN_SELF = YES;
				CLANG_WARN_OBJC_LITERAL_CONVERSION = YES;
				CLANG_WARN_OBJC_ROOT_CLASS = YES_ERROR;
				CLANG_WARN_QUOTED_INCLUDE_IN_FRAMEWORK_HEADER = YES;
				CLANG_WARN_RANGE_LOOP_ANALYSIS = YES;
				CLANG_WARN_STRICT_PROTOTYPES = YES;
				CLANG_WARN_SUSPICIOUS_MOVE = YES;
				CLANG_WARN_UNGUARDED_AVAILABILITY = YES_AGGRESSIVE;
				CLANG_WARN_UNREACHABLE_CODE = YES;
				CLANG_WARN__DUPLICATE_METHOD_MATCH = YES;
				COPY_PHASE_STRIP = NO;
				DEBUG_INFORMATION_FORMAT = dwarf;
				ENABLE_STRICT_OBJC_MSGSEND = YES;
				ENABLE_TESTABILITY = YES;
				GCC_C_LANGUAGE_STANDARD = gnu11;
				GCC_DYNAMIC_NO_PIC = NO;
				GCC_NO_COMMON_BLOCKS = YES;
				GCC_OPTIMIZATION_LEVEL = 0;
				GCC_PREPROCESSOR_DEFINITIONS = (
					"DEBUG=1",
					"$(inherited)",
				);
				GCC_WARN_64_TO_32_BIT_CONVERSION = YES;
				GCC_WARN_ABOUT_RETURN_TYPE = YES_ERROR;
				GCC_WARN_UNDECLARED_SELECTOR = YES;
				GCC_WARN_UNINITIALIZED_AUTOS = YES_AGGRESSIVE;
				GCC_WARN_UNUSED_FUNCTION = YES;
				GCC_WARN_UNUSED_VARIABLE = YES;
				IPHONEOS_DEPLOYMENT_TARGET = 14.0;
				MTL_ENABLE_DEBUG_INFO = INCLUDE_SOURCE;
				MTL_FAST_MATH = YES;
				ONLY_ACTIVE_ARCH = YES;
				SDKROOT = iphoneos;
				SWIFT_ACTIVE_COMPILATION_CONDITIONS = DEBUG;
				SWIFT_OPTIMIZATION_LEVEL = "-Onone";
			};
			name = Debug;
		};
		460A7EBC2527D70E00D780C2 /* Release */ = {
			isa = XCBuildConfiguration;
			buildSettings = {
				ALWAYS_SEARCH_USER_PATHS = NO;
				CLANG_ANALYZER_NONNULL = YES;
				CLANG_ANALYZER_NUMBER_OBJECT_CONVERSION = YES_AGGRESSIVE;
				CLANG_CXX_LANGUAGE_STANDARD = "gnu++14";
				CLANG_CXX_LIBRARY = "libc++";
				CLANG_ENABLE_MODULES = YES;
				CLANG_ENABLE_OBJC_ARC = YES;
				CLANG_ENABLE_OBJC_WEAK = YES;
				CLANG_WARN_BLOCK_CAPTURE_AUTORELEASING = YES;
				CLANG_WARN_BOOL_CONVERSION = YES;
				CLANG_WARN_COMMA = YES;
				CLANG_WARN_CONSTANT_CONVERSION = YES;
				CLANG_WARN_DEPRECATED_OBJC_IMPLEMENTATIONS = YES;
				CLANG_WARN_DIRECT_OBJC_ISA_USAGE = YES_ERROR;
				CLANG_WARN_DOCUMENTATION_COMMENTS = YES;
				CLANG_WARN_EMPTY_BODY = YES;
				CLANG_WARN_ENUM_CONVERSION = YES;
				CLANG_WARN_INFINITE_RECURSION = YES;
				CLANG_WARN_INT_CONVERSION = YES;
				CLANG_WARN_NON_LITERAL_NULL_CONVERSION = YES;
				CLANG_WARN_OBJC_IMPLICIT_RETAIN_SELF = YES;
				CLANG_WARN_OBJC_LITERAL_CONVERSION = YES;
				CLANG_WARN_OBJC_ROOT_CLASS = YES_ERROR;
				CLANG_WARN_QUOTED_INCLUDE_IN_FRAMEWORK_HEADER = YES;
				CLANG_WARN_RANGE_LOOP_ANALYSIS = YES;
				CLANG_WARN_STRICT_PROTOTYPES = YES;
				CLANG_WARN_SUSPICIOUS_MOVE = YES;
				CLANG_WARN_UNGUARDED_AVAILABILITY = YES_AGGRESSIVE;
				CLANG_WARN_UNREACHABLE_CODE = YES;
				CLANG_WARN__DUPLICATE_METHOD_MATCH = YES;
				COPY_PHASE_STRIP = NO;
				DEBUG_INFORMATION_FORMAT = "dwarf-with-dsym";
				ENABLE_NS_ASSERTIONS = NO;
				ENABLE_STRICT_OBJC_MSGSEND = YES;
				GCC_C_LANGUAGE_STANDARD = gnu11;
				GCC_NO_COMMON_BLOCKS = YES;
				GCC_WARN_64_TO_32_BIT_CONVERSION = YES;
				GCC_WARN_ABOUT_RETURN_TYPE = YES_ERROR;
				GCC_WARN_UNDECLARED_SELECTOR = YES;
				GCC_WARN_UNINITIALIZED_AUTOS = YES_AGGRESSIVE;
				GCC_WARN_UNUSED_FUNCTION = YES;
				GCC_WARN_UNUSED_VARIABLE = YES;
				IPHONEOS_DEPLOYMENT_TARGET = 14.0;
				MTL_ENABLE_DEBUG_INFO = NO;
				MTL_FAST_MATH = YES;
				SDKROOT = iphoneos;
				SWIFT_COMPILATION_MODE = wholemodule;
				SWIFT_OPTIMIZATION_LEVEL = "-O";
				VALIDATE_PRODUCT = YES;
			};
			name = Release;
		};
		460A7EBE2527D70E00D780C2 /* Debug */ = {
			isa = XCBuildConfiguration;
			buildSettings = {
				ASSETCATALOG_COMPILER_APPICON_NAME = AppIcon;
				ASSETCATALOG_COMPILER_GLOBAL_ACCENT_COLOR_NAME = AccentColor;
				CODE_SIGN_STYLE = Automatic;
				DEVELOPMENT_ASSET_PATHS = "\"DesignCodeCourse/Preview Content\"";
				DEVELOPMENT_TEAM = 4WA5C8537R;
				ENABLE_PREVIEWS = YES;
				INFOPLIST_FILE = DesignCodeCourse/Info.plist;
				IPHONEOS_DEPLOYMENT_TARGET = 14.0;
				LD_RUNPATH_SEARCH_PATHS = (
					"$(inherited)",
					"@executable_path/Frameworks",
				);
				PRODUCT_BUNDLE_IDENTIFIER = com.larryn.DesignCodeCourse;
				PRODUCT_NAME = "$(TARGET_NAME)";
				SWIFT_VERSION = 5.0;
				TARGETED_DEVICE_FAMILY = "1,2";
			};
			name = Debug;
		};
		460A7EBF2527D70E00D780C2 /* Release */ = {
			isa = XCBuildConfiguration;
			buildSettings = {
				ASSETCATALOG_COMPILER_APPICON_NAME = AppIcon;
				ASSETCATALOG_COMPILER_GLOBAL_ACCENT_COLOR_NAME = AccentColor;
				CODE_SIGN_STYLE = Automatic;
				DEVELOPMENT_ASSET_PATHS = "\"DesignCodeCourse/Preview Content\"";
				DEVELOPMENT_TEAM = 4WA5C8537R;
				ENABLE_PREVIEWS = YES;
				INFOPLIST_FILE = DesignCodeCourse/Info.plist;
				IPHONEOS_DEPLOYMENT_TARGET = 14.0;
				LD_RUNPATH_SEARCH_PATHS = (
					"$(inherited)",
					"@executable_path/Frameworks",
				);
				PRODUCT_BUNDLE_IDENTIFIER = com.larryn.DesignCodeCourse;
				PRODUCT_NAME = "$(TARGET_NAME)";
				SWIFT_VERSION = 5.0;
				TARGETED_DEVICE_FAMILY = "1,2";
			};
			name = Release;
		};
/* End XCBuildConfiguration section */

/* Begin XCConfigurationList section */
		460A7EA92527D70900D780C2 /* Build configuration list for PBXProject "DesignCodeCourse" */ = {
			isa = XCConfigurationList;
			buildConfigurations = (
				460A7EBB2527D70E00D780C2 /* Debug */,
				460A7EBC2527D70E00D780C2 /* Release */,
			);
			defaultConfigurationIsVisible = 0;
			defaultConfigurationName = Release;
		};
		460A7EBD2527D70E00D780C2 /* Build configuration list for PBXNativeTarget "DesignCodeCourse" */ = {
			isa = XCConfigurationList;
			buildConfigurations = (
				460A7EBE2527D70E00D780C2 /* Debug */,
				460A7EBF2527D70E00D780C2 /* Release */,
			);
			defaultConfigurationIsVisible = 0;
			defaultConfigurationName = Release;
		};
/* End XCConfigurationList section */
	};
	rootObject = 460A7EA62527D70900D780C2 /* Project object */;
}
